# This file is automatically @generated by Cargo.
# It is not intended for manual editing.
version = 3

[[package]]
name = "constraint-theory-core"
version = "1.0.1"
source = "registry+https://github.com/rust-lang/crates.io-index"
checksum = "1736f690c5c85e8d7ca5e3a3f1324e1c38959876c1e8ce86560a174c1dc45bc4"

[[package]]
name = "proof-physics-sim"
version = "0.1.0"
dependencies = [
 "constraint-theory-core",
]
